
Microsoft Visual Studio Solution File, Format Version 12.00
# Visual Studio Version 16
VisualStudioVersion = 16.0.34114.132
MinimumVisualStudioVersion = 10.0.40219.1
Project("{FAE04EC0-301F-11D3-BF4B-00C04F79EFBC}") = "WebApplicationMVCTask1", "WebApplicationMVCTask1.csproj", "{A5D8ED52-584F-4DD0-B7CB-0448380C914E}"
EndProject
Global
	GlobalSection(SolutionConfigurationPlatforms) = preSolution
		Debug|Any CPU = Debug|Any CPU
		Release|Any CPU = Release|Any CPU
	EndGlobalSection
	GlobalSection(ProjectConfigurationPlatforms) = postSolution
		{A5D8ED52-584F-4DD0-B7CB-0448380C914E}.Debug|Any CPU.ActiveCfg = Debug|Any CPU
		{A5D8ED52-584F-4DD0-B7CB-0448380C914E}.Debug|Any CPU.Build.0 = Debug|Any CPU
		{A5D8ED52-584F-4DD0-B7CB-0448380C914E}.Release|Any CPU.ActiveCfg = Release|Any CPU
		{A5D8ED52-584F-4DD0-B7CB-0448380C914E}.Release|Any CPU.Build.0 = Release|Any CPU
	EndGlobalSection
	GlobalSection(SolutionProperties) = preSolution
		HideSolutionNode = FALSE
	EndGlobalSection
	GlobalSection(ExtensibilityGlobals) = postSolution
		SolutionGuid = {CD5968D8-A08E-4CDF-8A4F-0927DA34C732}
	EndGlobalSection
EndGlobal
